// !$*UTF8*$!
{
	archiveVersion = 1;
	classes = {
	};
	objectVersion = 46;
	objects = {

/* Begin PBXBuildFile section */
		1403F9D819EE737E007053ED /* GCDAsyncSocket.m in Sources */ = {isa = PBXBuildFile; fileRef = 1403F9D519EE737E007053ED /* GCDAsyncSocket.m */; };
		149D865A19D0BA8900ACD69E /* Foundation.framework in Frameworks */ = {isa = PBXBuildFile; fileRef = 149D865919D0BA8900ACD69E /* Foundation.framework */; };
		149D865C19D0BA8900ACD69E /* CoreGraphics.framework in Frameworks */ = {isa = PBXBuildFile; fileRef = 149D865B19D0BA8900ACD69E /* CoreGraphics.framework */; };
		149D865E19D0BA8900ACD69E /* UIKit.framework in Frameworks */ = {isa = PBXBuildFile; fileRef = 149D865D19D0BA8900ACD69E /* UIKit.framework */; };
		149D866419D0BA8900ACD69E /* InfoPlist.strings in Resources */ = {isa = PBXBuildFile; fileRef = 149D866219D0BA8900ACD69E /* InfoPlist.strings */; };
		149D866619D0BA8900ACD69E /* main.m in Sources */ = {isa = PBXBuildFile; fileRef = 149D866519D0BA8900ACD69E /* main.m */; };
		149D866A19D0BA8900ACD69E /* AppDelegate.m in Sources */ = {isa = PBXBuildFile; fileRef = 149D866919D0BA8900ACD69E /* AppDelegate.m */; };
		149D866D19D0BA8900ACD69E /* Main.storyboard in Resources */ = {isa = PBXBuildFile; fileRef = 149D866B19D0BA8900ACD69E /* Main.storyboard */; };
		149D867019D0BA8900ACD69E /* TouchViewController.m in Sources */ = {isa = PBXBuildFile; fileRef = 149D866F19D0BA8900ACD69E /* TouchViewController.m */; };
		149D867219D0BA8900ACD69E /* Images.xcassets in Resources */ = {isa = PBXBuildFile; fileRef = 149D867119D0BA8900ACD69E /* Images.xcassets */; };
		149D867919D0BA8900ACD69E /* XCTest.framework in Frameworks */ = {isa = PBXBuildFile; fileRef = 149D867819D0BA8900ACD69E /* XCTest.framework */; };
		149D867A19D0BA8900ACD69E /* Foundation.framework in Frameworks */ = {isa = PBXBuildFile; fileRef = 149D865919D0BA8900ACD69E /* Foundation.framework */; };
		149D867B19D0BA8900ACD69E /* UIKit.framework in Frameworks */ = {isa = PBXBuildFile; fileRef = 149D865D19D0BA8900ACD69E /* UIKit.framework */; };
		149D868319D0BA8900ACD69E /* InfoPlist.strings in Resources */ = {isa = PBXBuildFile; fileRef = 149D868119D0BA8900ACD69E /* InfoPlist.strings */; };
		149D868519D0BA8900ACD69E /* iBeagleClientTests.m in Sources */ = {isa = PBXBuildFile; fileRef = 149D868419D0BA8900ACD69E /* iBeagleClientTests.m */; };
		14A5764B19F70EB6004CBCAD /* MouseHandler.m in Sources */ = {isa = PBXBuildFile; fileRef = 14A5764A19F70EB6004CBCAD /* MouseHandler.m */; };
		14A5764E19F711C4004CBCAD /* KeyboardHandler.m in Sources */ = {isa = PBXBuildFile; fileRef = 14A5764D19F711C4004CBCAD /* KeyboardHandler.m */; };
		14A5765219F7127B004CBCAD /* InputHandler.m in Sources */ = {isa = PBXBuildFile; fileRef = 14A5765119F7127B004CBCAD /* InputHandler.m */; };
		14A5765D19F71A58004CBCAD /* ManualBeagleConnection.m in Sources */ = {isa = PBXBuildFile; fileRef = 14A5765C19F71A58004CBCAD /* ManualBeagleConnection.m */; };
		14E31FF319FA5727009732CD /* SettingsViewController.m in Sources */ = {isa = PBXBuildFile; fileRef = 14E31FF219FA5727009732CD /* SettingsViewController.m */; };
		14E31FF619FBE535009732CD /* BonjourBeagleConnection.m in Sources */ = {isa = PBXBuildFile; fileRef = 14E31FF519FBE535009732CD /* BonjourBeagleConnection.m */; };
/* End PBXBuildFile section */

/* Begin PBXContainerItemProxy section */
		149D867C19D0BA8900ACD69E /* PBXContainerItemProxy */ = {
			isa = PBXContainerItemProxy;
			containerPortal = 149D864E19D0BA8900ACD69E /* Project object */;
			proxyType = 1;
			remoteGlobalIDString = 149D865519D0BA8900ACD69E;
			remoteInfo = iBeagleClient;
		};
/* End PBXContainerItemProxy section */

/* Begin PBXFileReference section */
		1403F9D419EE737E007053ED /* GCDAsyncSocket.h */ = {isa = PBXFileReference; fileEncoding = 4; lastKnownFileType = sourcecode.c.h; path = GCDAsyncSocket.h; sourceTree = "<group>"; };
		1403F9D519EE737E007053ED /* GCDAsyncSocket.m */ = {isa = PBXFileReference; fileEncoding = 4; lastKnownFileType = sourcecode.c.objc; path = GCDAsyncSocket.m; sourceTree = "<group>"; };
		149D865619D0BA8900ACD69E /* iBeagle.app */ = {isa = PBXFileReference; explicitFileType = wrapper.application; includeInIndex = 0; path = iBeagle.app; sourceTree = BUILT_PRODUCTS_DIR; };
		149D865919D0BA8900ACD69E /* Foundation.framework */ = {isa = PBXFileReference; lastKnownFileType = wrapper.framework; name = Foundation.framework; path = System/Library/Frameworks/Foundation.framework; sourceTree = SDKROOT; };
		149D865B19D0BA8900ACD69E /* CoreGraphics.framework */ = {isa = PBXFileReference; lastKnownFileType = wrapper.framework; name = CoreGraphics.framework; path = System/Library/Frameworks/CoreGraphics.framework; sourceTree = SDKROOT; };
		149D865D19D0BA8900ACD69E /* UIKit.framework */ = {isa = PBXFileReference; lastKnownFileType = wrapper.framework; name = UIKit.framework; path = System/Library/Frameworks/UIKit.framework; sourceTree = SDKROOT; };
		149D866119D0BA8900ACD69E /* iBeagle-Info.plist */ = {isa = PBXFileReference; lastKnownFileType = text.plist.xml; path = "iBeagle-Info.plist"; sourceTree = "<group>"; };
		149D866319D0BA8900ACD69E /* en */ = {isa = PBXFileReference; lastKnownFileType = text.plist.strings; name = en; path = en.lproj/InfoPlist.strings; sourceTree = "<group>"; };
		149D866519D0BA8900ACD69E /* main.m */ = {isa = PBXFileReference; lastKnownFileType = sourcecode.c.objc; path = main.m; sourceTree = "<group>"; };
		149D866719D0BA8900ACD69E /* iBeagle-Prefix.pch */ = {isa = PBXFileReference; lastKnownFileType = sourcecode.c.h; path = "iBeagle-Prefix.pch"; sourceTree = "<group>"; };
		149D866819D0BA8900ACD69E /* AppDelegate.h */ = {isa = PBXFileReference; lastKnownFileType = sourcecode.c.h; path = AppDelegate.h; sourceTree = "<group>"; };
		149D866919D0BA8900ACD69E /* AppDelegate.m */ = {isa = PBXFileReference; lastKnownFileType = sourcecode.c.objc; path = AppDelegate.m; sourceTree = "<group>"; };
		149D866C19D0BA8900ACD69E /* Base */ = {isa = PBXFileReference; lastKnownFileType = file.storyboard; name = Base; path = Base.lproj/Main.storyboard; sourceTree = "<group>"; };
		149D866E19D0BA8900ACD69E /* TouchViewController.h */ = {isa = PBXFileReference; lastKnownFileType = sourcecode.c.h; path = TouchViewController.h; sourceTree = "<group>"; };
		149D866F19D0BA8900ACD69E /* TouchViewController.m */ = {isa = PBXFileReference; lastKnownFileType = sourcecode.c.objc; path = TouchViewController.m; sourceTree = "<group>"; };
		149D867119D0BA8900ACD69E /* Images.xcassets */ = {isa = PBXFileReference; lastKnownFileType = folder.assetcatalog; path = Images.xcassets; sourceTree = "<group>"; };
		149D867719D0BA8900ACD69E /* iBeagleTests.xctest */ = {isa = PBXFileReference; explicitFileType = wrapper.cfbundle; includeInIndex = 0; path = iBeagleTests.xctest; sourceTree = BUILT_PRODUCTS_DIR; };
		149D867819D0BA8900ACD69E /* XCTest.framework */ = {isa = PBXFileReference; lastKnownFileType = wrapper.framework; name = XCTest.framework; path = Library/Frameworks/XCTest.framework; sourceTree = DEVELOPER_DIR; };
		149D868019D0BA8900ACD69E /* iBeagleTests-Info.plist */ = {isa = PBXFileReference; lastKnownFileType = text.plist.xml; path = "iBeagleTests-Info.plist"; sourceTree = "<group>"; };
		149D868219D0BA8900ACD69E /* en */ = {isa = PBXFileReference; lastKnownFileType = text.plist.strings; name = en; path = en.lproj/InfoPlist.strings; sourceTree = "<group>"; };
		149D868419D0BA8900ACD69E /* iBeagleClientTests.m */ = {isa = PBXFileReference; lastKnownFileType = sourcecode.c.objc; path = iBeagleClientTests.m; sourceTree = "<group>"; };
		14A5764919F70EB6004CBCAD /* MouseHandler.h */ = {isa = PBXFileReference; fileEncoding = 4; lastKnownFileType = sourcecode.c.h; path = MouseHandler.h; sourceTree = "<group>"; };
		14A5764A19F70EB6004CBCAD /* MouseHandler.m */ = {isa = PBXFileReference; fileEncoding = 4; lastKnownFileType = sourcecode.c.objc; path = MouseHandler.m; sourceTree = "<group>"; };
		14A5764C19F711C4004CBCAD /* KeyboardHandler.h */ = {isa = PBXFileReference; fileEncoding = 4; lastKnownFileType = sourcecode.c.h; path = KeyboardHandler.h; sourceTree = "<group>"; };
		14A5764D19F711C4004CBCAD /* KeyboardHandler.m */ = {isa = PBXFileReference; fileEncoding = 4; lastKnownFileType = sourcecode.c.objc; path = KeyboardHandler.m; sourceTree = "<group>"; };
		14A5765019F7127B004CBCAD /* InputHandler.h */ = {isa = PBXFileReference; fileEncoding = 4; lastKnownFileType = sourcecode.c.h; path = InputHandler.h; sourceTree = "<group>"; };
		14A5765119F7127B004CBCAD /* InputHandler.m */ = {isa = PBXFileReference; fileEncoding = 4; lastKnownFileType = sourcecode.c.objc; path = InputHandler.m; sourceTree = "<group>"; };
		14A5765819F719E8004CBCAD /* BeagleConnection.h */ = {isa = PBXFileReference; fileEncoding = 4; lastKnownFileType = sourcecode.c.h; path = BeagleConnection.h; sourceTree = "<group>"; };
		14A5765B19F71A58004CBCAD /* ManualBeagleConnection.h */ = {isa = PBXFileReference; fileEncoding = 4; lastKnownFileType = sourcecode.c.h; path = ManualBeagleConnection.h; sourceTree = "<group>"; };
		14A5765C19F71A58004CBCAD /* ManualBeagleConnection.m */ = {isa = PBXFileReference; fileEncoding = 4; lastKnownFileType = sourcecode.c.objc; path = ManualBeagleConnection.m; sourceTree = "<group>"; };
		14E31FF119FA5727009732CD /* SettingsViewController.h */ = {isa = PBXFileReference; fileEncoding = 4; lastKnownFileType = sourcecode.c.h; path = SettingsViewController.h; sourceTree = "<group>"; };
		14E31FF219FA5727009732CD /* SettingsViewController.m */ = {isa = PBXFileReference; fileEncoding = 4; lastKnownFileType = sourcecode.c.objc; path = SettingsViewController.m; sourceTree = "<group>"; };
		14E31FF419FBE535009732CD /* BonjourBeagleConnection.h */ = {isa = PBXFileReference; fileEncoding = 4; lastKnownFileType = sourcecode.c.h; path = BonjourBeagleConnection.h; sourceTree = "<group>"; };
		14E31FF519FBE535009732CD /* BonjourBeagleConnection.m */ = {isa = PBXFileReference; fileEncoding = 4; lastKnownFileType = sourcecode.c.objc; path = BonjourBeagleConnection.m; sourceTree = "<group>"; };
/* End PBXFileReference section */

/* Begin PBXFrameworksBuildPhase section */
		149D865319D0BA8900ACD69E /* Frameworks */ = {
			isa = PBXFrameworksBuildPhase;
			buildActionMask = 2147483647;
			files = (
				149D865C19D0BA8900ACD69E /* CoreGraphics.framework in Frameworks */,
				149D865E19D0BA8900ACD69E /* UIKit.framework in Frameworks */,
				149D865A19D0BA8900ACD69E /* Foundation.framework in Frameworks */,
			);
			runOnlyForDeploymentPostprocessing = 0;
		};
		149D867419D0BA8900ACD69E /* Frameworks */ = {
			isa = PBXFrameworksBuildPhase;
			buildActionMask = 2147483647;
			files = (
				149D867919D0BA8900ACD69E /* XCTest.framework in Frameworks */,
				149D867B19D0BA8900ACD69E /* UIKit.framework in Frameworks */,
				149D867A19D0BA8900ACD69E /* Foundation.framework in Frameworks */,
			);
			runOnlyForDeploymentPostprocessing = 0;
		};
/* End PBXFrameworksBuildPhase section */

/* Begin PBXGroup section */
		149D864D19D0BA8900ACD69E = {
			isa = PBXGroup;
			children = (
				149D865F19D0BA8900ACD69E /* iBeagle */,
				149D867E19D0BA8900ACD69E /* iBeagleClientTests */,
				149D865819D0BA8900ACD69E /* Frameworks */,
				149D865719D0BA8900ACD69E /* Products */,
			);
			sourceTree = "<group>";
		};
		149D865719D0BA8900ACD69E /* Products */ = {
			isa = PBXGroup;
			children = (
				149D865619D0BA8900ACD69E /* iBeagle.app */,
				149D867719D0BA8900ACD69E /* iBeagleTests.xctest */,
			);
			name = Products;
			sourceTree = "<group>";
		};
		149D865819D0BA8900ACD69E /* Frameworks */ = {
			isa = PBXGroup;
			children = (
				149D865919D0BA8900ACD69E /* Foundation.framework */,
				149D865B19D0BA8900ACD69E /* CoreGraphics.framework */,
				149D865D19D0BA8900ACD69E /* UIKit.framework */,
				149D867819D0BA8900ACD69E /* XCTest.framework */,
			);
			name = Frameworks;
			sourceTree = "<group>";
		};
		149D865F19D0BA8900ACD69E /* iBeagle */ = {
			isa = PBXGroup;
			children = (
				149D866819D0BA8900ACD69E /* AppDelegate.h */,
				149D866919D0BA8900ACD69E /* AppDelegate.m */,
				149D866B19D0BA8900ACD69E /* Main.storyboard */,
				149D866E19D0BA8900ACD69E /* TouchViewController.h */,
				149D866F19D0BA8900ACD69E /* TouchViewController.m */,
				14E31FF119FA5727009732CD /* SettingsViewController.h */,
				14E31FF219FA5727009732CD /* SettingsViewController.m */,
				14A5764F19F711CA004CBCAD /* Input */,
				14A5765319F7199F004CBCAD /* Connection */,
				14A5765E19F7D795004CBCAD /* Lib */,
				149D866019D0BA8900ACD69E /* Supporting Files */,
				149D867119D0BA8900ACD69E /* Images.xcassets */,
			);
			name = iBeagle;
			path = iBeagleClient;
			sourceTree = "<group>";
		};
		149D866019D0BA8900ACD69E /* Supporting Files */ = {
			isa = PBXGroup;
			children = (
				149D866119D0BA8900ACD69E /* iBeagle-Info.plist */,
				149D866219D0BA8900ACD69E /* InfoPlist.strings */,
				149D866519D0BA8900ACD69E /* main.m */,
				149D866719D0BA8900ACD69E /* iBeagle-Prefix.pch */,
			);
			name = "Supporting Files";
			sourceTree = "<group>";
		};
		149D867E19D0BA8900ACD69E /* iBeagleClientTests */ = {
			isa = PBXGroup;
			children = (
				149D868419D0BA8900ACD69E /* iBeagleClientTests.m */,
				149D867F19D0BA8900ACD69E /* Supporting Files */,
			);
			path = iBeagleClientTests;
			sourceTree = "<group>";
		};
		149D867F19D0BA8900ACD69E /* Supporting Files */ = {
			isa = PBXGroup;
			children = (
				149D868019D0BA8900ACD69E /* iBeagleTests-Info.plist */,
				149D868119D0BA8900ACD69E /* InfoPlist.strings */,
			);
			name = "Supporting Files";
			sourceTree = "<group>";
		};
		14A5764F19F711CA004CBCAD /* Input */ = {
			isa = PBXGroup;
			children = (
				14A5765019F7127B004CBCAD /* InputHandler.h */,
				14A5765119F7127B004CBCAD /* InputHandler.m */,
				14A5764919F70EB6004CBCAD /* MouseHandler.h */,
				14A5764A19F70EB6004CBCAD /* MouseHandler.m */,
				14A5764C19F711C4004CBCAD /* KeyboardHandler.h */,
				14A5764D19F711C4004CBCAD /* KeyboardHandler.m */,
			);
			name = Input;
			sourceTree = "<group>";
		};
		14A5765319F7199F004CBCAD /* Connection */ = {
			isa = PBXGroup;
			children = (
				14A5765819F719E8004CBCAD /* BeagleConnection.h */,
				14A5765B19F71A58004CBCAD /* ManualBeagleConnection.h */,
				14A5765C19F71A58004CBCAD /* ManualBeagleConnection.m */,
				14E31FF419FBE535009732CD /* BonjourBeagleConnection.h */,
				14E31FF519FBE535009732CD /* BonjourBeagleConnection.m */,
			);
			name = Connection;
			sourceTree = "<group>";
		};
		14A5765E19F7D795004CBCAD /* Lib */ = {
			isa = PBXGroup;
			children = (
				1403F9D419EE737E007053ED /* GCDAsyncSocket.h */,
				1403F9D519EE737E007053ED /* GCDAsyncSocket.m */,
			);
			name = Lib;
			sourceTree = "<group>";
		};
/* End PBXGroup section */

/* Begin PBXNativeTarget section */
		149D865519D0BA8900ACD69E /* iBeagle */ = {
			isa = PBXNativeTarget;
			buildConfigurationList = 149D868819D0BA8900ACD69E /* Build configuration list for PBXNativeTarget "iBeagle" */;
			buildPhases = (
				149D865219D0BA8900ACD69E /* Sources */,
				149D865319D0BA8900ACD69E /* Frameworks */,
				149D865419D0BA8900ACD69E /* Resources */,
			);
			buildRules = (
			);
			dependencies = (
			);
			name = iBeagle;
			productName = iBeagleClient;
			productReference = 149D865619D0BA8900ACD69E /* iBeagle.app */;
			productType = "com.apple.product-type.application";
		};
		149D867619D0BA8900ACD69E /* iBeagleTests */ = {
			isa = PBXNativeTarget;
			buildConfigurationList = 149D868B19D0BA8900ACD69E /* Build configuration list for PBXNativeTarget "iBeagleTests" */;
			buildPhases = (
				149D867319D0BA8900ACD69E /* Sources */,
				149D867419D0BA8900ACD69E /* Frameworks */,
				149D867519D0BA8900ACD69E /* Resources */,
			);
			buildRules = (
			);
			dependencies = (
				149D867D19D0BA8900ACD69E /* PBXTargetDependency */,
			);
			name = iBeagleTests;
			productName = iBeagleClientTests;
			productReference = 149D867719D0BA8900ACD69E /* iBeagleTests.xctest */;
			productType = "com.apple.product-type.bundle.unit-test";
		};
/* End PBXNativeTarget section */

/* Begin PBXProject section */
		149D864E19D0BA8900ACD69E /* Project object */ = {
			isa = PBXProject;
			attributes = {
				LastUpgradeCheck = 0510;
				ORGANIZATIONNAME = "Sean McLemon";
				TargetAttributes = {
					149D865519D0BA8900ACD69E = {
						DevelopmentTeam = 7GPCH6GKBL;
					};
					149D867619D0BA8900ACD69E = {
						TestTargetID = 149D865519D0BA8900ACD69E;
					};
				};
			};
			buildConfigurationList = 149D865119D0BA8900ACD69E /* Build configuration list for PBXProject "iBeagle" */;
			compatibilityVersion = "Xcode 3.2";
			developmentRegion = English;
			hasScannedForEncodings = 0;
			knownRegions = (
				en,
				Base,
			);
			mainGroup = 149D864D19D0BA8900ACD69E;
			productRefGroup = 149D865719D0BA8900ACD69E /* Products */;
			projectDirPath = "";
			projectRoot = "";
			targets = (
				149D865519D0BA8900ACD69E /* iBeagle */,
				149D867619D0BA8900ACD69E /* iBeagleTests */,
			);
		};
/* End PBXProject section */

/* Begin PBXResourcesBuildPhase section */
		149D865419D0BA8900ACD69E /* Resources */ = {
			isa = PBXResourcesBuildPhase;
			buildActionMask = 2147483647;
			files = (
				149D867219D0BA8900ACD69E /* Images.xcassets in Resources */,
				149D866419D0BA8900ACD69E /* InfoPlist.strings in Resources */,
				149D866D19D0BA8900ACD69E /* Main.storyboard in Resources */,
			);
			runOnlyForDeploymentPostprocessing = 0;
		};
		149D867519D0BA8900ACD69E /* Resources */ = {
			isa = PBXResourcesBuildPhase;
			buildActionMask = 2147483647;
			files = (
				149D868319D0BA8900ACD69E /* InfoPlist.strings in Resources */,
			);
			runOnlyForDeploymentPostprocessing = 0;
		};
/* End PBXResourcesBuildPhase section */

/* Begin PBXSourcesBuildPhase section */
		149D865219D0BA8900ACD69E /* Sources */ = {
			isa = PBXSourcesBuildPhase;
			buildActionMask = 2147483647;
			files = (
				1403F9D819EE737E007053ED /* GCDAsyncSocket.m in Sources */,
				149D867019D0BA8900ACD69E /* TouchViewController.m in Sources */,
				14A5764E19F711C4004CBCAD /* KeyboardHandler.m in Sources */,
				14E31FF319FA5727009732CD /* SettingsViewController.m in Sources */,
				149D866A19D0BA8900ACD69E /* AppDelegate.m in Sources */,
				149D866619D0BA8900ACD69E /* main.m in Sources */,
				14A5764B19F70EB6004CBCAD /* MouseHandler.m in Sources */,
				14E31FF619FBE535009732CD /* BonjourBeagleConnection.m in Sources */,
				14A5765219F7127B004CBCAD /* InputHandler.m in Sources */,
				14A5765D19F71A58004CBCAD /* ManualBeagleConnection.m in Sources */,
			);
			runOnlyForDeploymentPostprocessing = 0;
		};
		149D867319D0BA8900ACD69E /* Sources */ = {
			isa = PBXSourcesBuildPhase;
			buildActionMask = 2147483647;
			files = (
				149D868519D0BA8900ACD69E /* iBeagleClientTests.m in Sources */,
			);
			runOnlyForDeploymentPostprocessing = 0;
		};
/* End PBXSourcesBuildPhase section */

/* Begin PBXTargetDependency section */
		149D867D19D0BA8900ACD69E /* PBXTargetDependency */ = {
			isa = PBXTargetDependency;
			target = 149D865519D0BA8900ACD69E /* iBeagle */;
			targetProxy = 149D867C19D0BA8900ACD69E /* PBXContainerItemProxy */;
		};
/* End PBXTargetDependency section */

/* Begin PBXVariantGroup section */
		149D866219D0BA8900ACD69E /* InfoPlist.strings */ = {
			isa = PBXVariantGroup;
			children = (
				149D866319D0BA8900ACD69E /* en */,
			);
			name = InfoPlist.strings;
			sourceTree = "<group>";
		};
		149D866B19D0BA8900ACD69E /* Main.storyboard */ = {
			isa = PBXVariantGroup;
			children = (
				149D866C19D0BA8900ACD69E /* Base */,
			);
			name = Main.storyboard;
			sourceTree = "<group>";
		};
		149D868119D0BA8900ACD69E /* InfoPlist.strings */ = {
			isa = PBXVariantGroup;
			children = (
				149D868219D0BA8900ACD69E /* en */,
			);
			name = InfoPlist.strings;
			sourceTree = "<group>";
		};
/* End PBXVariantGroup section */

/* Begin XCBuildConfiguration section */
		149D868619D0BA8900ACD69E /* Debug */ = {
			isa = XCBuildConfiguration;
			buildSettings = {
				ALWAYS_SEARCH_USER_PATHS = NO;
				CLANG_CXX_LANGUAGE_STANDARD = "gnu++0x";
				CLANG_CXX_LIBRARY = "libc++";
				CLANG_ENABLE_MODULES = YES;
				CLANG_ENABLE_OBJC_ARC = YES;
				CLANG_WARN_BOOL_CONVERSION = YES;
				CLANG_WARN_CONSTANT_CONVERSION = YES;
				CLANG_WARN_DIRECT_OBJC_ISA_USAGE = YES_ERROR;
				CLANG_WARN_EMPTY_BODY = YES;
				CLANG_WARN_ENUM_CONVERSION = YES;
				CLANG_WARN_INT_CONVERSION = YES;
				CLANG_WARN_OBJC_ROOT_CLASS = YES_ERROR;
				CLANG_WARN__DUPLICATE_METHOD_MATCH = YES;
				"CODE_SIGN_IDENTITY[sdk=iphoneos*]" = "iPhone Developer";
				COPY_PHASE_STRIP = NO;
				GCC_C_LANGUAGE_STANDARD = gnu99;
				GCC_DYNAMIC_NO_PIC = NO;
				GCC_OPTIMIZATION_LEVEL = 0;
				GCC_PREPROCESSOR_DEFINITIONS = (
					"DEBUG=1",
					"$(inherited)",
				);
				GCC_SYMBOLS_PRIVATE_EXTERN = NO;
				GCC_WARN_64_TO_32_BIT_CONVERSION = YES;
				GCC_WARN_ABOUT_RETURN_TYPE = YES_ERROR;
				GCC_WARN_UNDECLARED_SELECTOR = YES;
				GCC_WARN_UNINITIALIZED_AUTOS = YES_AGGRESSIVE;
				GCC_WARN_UNUSED_FUNCTION = YES;
				GCC_WARN_UNUSED_VARIABLE = YES;
				IPHONEOS_DEPLOYMENT_TARGET = 7.1;
				ONLY_ACTIVE_ARCH = YES;
				SDKROOT = iphoneos;
			};
			name = Debug;
		};
		149D868719D0BA8900ACD69E /* Release */ = {
			isa = XCBuildConfiguration;
			buildSettings = {
				ALWAYS_SEARCH_USER_PATHS = NO;
				CLANG_CXX_LANGUAGE_STANDARD = "gnu++0x";
				CLANG_CXX_LIBRARY = "libc++";
				CLANG_ENABLE_MODULES = YES;
				CLANG_ENABLE_OBJC_ARC = YES;
				CLANG_WARN_BOOL_CONVERSION = YES;
				CLANG_WARN_CONSTANT_CONVERSION = YES;
				CLANG_WARN_DIRECT_OBJC_ISA_USAGE = YES_ERROR;
				CLANG_WARN_EMPTY_BODY = YES;
				CLANG_WARN_ENUM_CONVERSION = YES;
				CLANG_WARN_INT_CONVERSION = YES;
				CLANG_WARN_OBJC_ROOT_CLASS = YES_ERROR;
				CLANG_WARN__DUPLICATE_METHOD_MATCH = YES;
				"CODE_SIGN_IDENTITY[sdk=iphoneos*]" = "iPhone Developer";
				COPY_PHASE_STRIP = YES;
				ENABLE_NS_ASSERTIONS = NO;
				GCC_C_LANGUAGE_STANDARD = gnu99;
				GCC_WARN_64_TO_32_BIT_CONVERSION = YES;
				GCC_WARN_ABOUT_RETURN_TYPE = YES_ERROR;
				GCC_WARN_UNDECLARED_SELECTOR = YES;
				GCC_WARN_UNINITIALIZED_AUTOS = YES_AGGRESSIVE;
				GCC_WARN_UNUSED_FUNCTION = YES;
				GCC_WARN_UNUSED_VARIABLE = YES;
				IPHONEOS_DEPLOYMENT_TARGET = 7.1;
				SDKROOT = iphoneos;
				VALIDATE_PRODUCT = YES;
			};
			name = Release;
		};
		149D868919D0BA8900ACD69E /* Debug */ = {
			isa = XCBuildConfiguration;
			buildSettings = {
				ASSETCATALOG_COMPILER_APPICON_NAME = AppIcon;
				ASSETCATALOG_COMPILER_LAUNCHIMAGE_NAME = LaunchImage;
				CODE_SIGN_IDENTITY = "iPhone Developer";
				"CODE_SIGN_IDENTITY[sdk=iphoneos*]" = "iPhone Developer";
				GCC_PRECOMPILE_PREFIX_HEADER = YES;
				GCC_PREFIX_HEADER = "iBeagleClient/iBeagle-Prefix.pch";
				INFOPLIST_FILE = "iBeagleClient/iBeagle-Info.plist";
				IPHONEOS_DEPLOYMENT_TARGET = 8.0;
				PRODUCT_NAME = iBeagle;
				PROVISIONING_PROFILE = "";
				TARGETED_DEVICE_FAMILY = "1,2";
				WRAPPER_EXTENSION = app;
			};
			name = Debug;
		};
		149D868A19D0BA8900ACD69E /* Release */ = {
			isa = XCBuildConfiguration;
			buildSettings = {
				ASSETCATALOG_COMPILER_APPICON_NAME = AppIcon;
				ASSETCATALOG_COMPILER_LAUNCHIMAGE_NAME = LaunchImage;
				CODE_SIGN_IDENTITY = "iPhone Developer";
				"CODE_SIGN_IDENTITY[sdk=iphoneos*]" = "iPhone Developer";
				GCC_PRECOMPILE_PREFIX_HEADER = YES;
				GCC_PREFIX_HEADER = "iBeagleClient/iBeagle-Prefix.pch";
				INFOPLIST_FILE = "iBeagleClient/iBeagle-Info.plist";
				IPHONEOS_DEPLOYMENT_TARGET = 8.0;
				PRODUCT_NAME = iBeagle;
				PROVISIONING_PROFILE = "";
				TARGETED_DEVICE_FAMILY = "1,2";
				WRAPPER_EXTENSION = app;
			};
			name = Release;
		};
		149D868C19D0BA8900ACD69E /* Debug */ = {
			isa = XCBuildConfiguration;
			buildSettings = {
				BUNDLE_LOADER = "$(BUILT_PRODUCTS_DIR)/iBeagleClient.app/iBeagleClient";
				FRAMEWORK_SEARCH_PATHS = (
					"$(SDKROOT)/Developer/Library/Frameworks",
					"$(inherited)",
					"$(DEVELOPER_FRAMEWORKS_DIR)",
				);
				GCC_PRECOMPILE_PREFIX_HEADER = YES;
				GCC_PREFIX_HEADER = "iBeagleClient/iBeagleClient-Prefix.pch";
				GCC_PREPROCESSOR_DEFINITIONS = (
					"DEBUG=1",
					"$(inherited)",
				);
				INFOPLIST_FILE = "iBeagleClientTests/iBeagleTests-Info.plist";
				PRODUCT_NAME = iBeagleTests;
				TEST_HOST = "$(BUNDLE_LOADER)";
				WRAPPER_EXTENSION = xctest;
			};
			name = Debug;
		};
		149D868D19D0BA8900ACD69E /* Release */ = {
			isa = XCBuildConfiguration;
			buildSettings = {
				BUNDLE_LOADER = "$(BUILT_PRODUCTS_DIR)/iBeagleClient.app/iBeagleClient";
				FRAMEWORK_SEARCH_PATHS = (
					"$(SDKROOT)/Developer/Library/Frameworks",
					"$(inherited)",
					"$(DEVELOPER_FRAMEWORKS_DIR)",
				);
				GCC_PRECOMPILE_PREFIX_HEADER = YES;
				GCC_PREFIX_HEADER = "iBeagleClient/iBeagleClient-Prefix.pch";
				INFOPLIST_FILE = "iBeagleClientTests/iBeagleTests-Info.plist";
				PRODUCT_NAME = iBeagleTests;
				TEST_HOST = "$(BUNDLE_LOADER)";
				WRAPPER_EXTENSION = xctest;
			};
			name = Release;
		};
/* End XCBuildConfiguration section */

/* Begin XCConfigurationList section */
		149D865119D0BA8900ACD69E /* Build configuration list for PBXProject "iBeagle" */ = {
			isa = XCConfigurationList;
			buildConfigurations = (
				149D868619D0BA8900ACD69E /* Debug */,
				149D868719D0BA8900ACD69E /* Release */,
			);
			defaultConfigurationIsVisible = 0;
			defaultConfigurationName = Release;
		};
		149D868819D0BA8900ACD69E /* Build configuration list for PBXNativeTarget "iBeagle" */ = {
			isa = XCConfigurationList;
			buildConfigurations = (
				149D868919D0BA8900ACD69E /* Debug */,
				149D868A19D0BA8900ACD69E /* Release */,
			);
			defaultConfigurationIsVisible = 0;
			defaultConfigurationName = Release;
		};
		149D868B19D0BA8900ACD69E /* Build configuration list for PBXNativeTarget "iBeagleTests" */ = {
			isa = XCConfigurationList;
			buildConfigurations = (
				149D868C19D0BA8900ACD69E /* Debug */,
				149D868D19D0BA8900ACD69E /* Release */,
			);
			defaultConfigurationIsVisible = 0;
			defaultConfigurationName = Release;
		};
/* End XCConfigurationList section */
	};
	rootObject = 149D864E19D0BA8900ACD69E /* Project object */;
}
