// !$*UTF8*$!
{
	archiveVersion = 1;
	classes = {
	};
	objectVersion = 46;
	objects = {

/* Begin PBXBuildFile section */
		141977D319ED69B400EE84AA /* main.m in Sources */ = {isa = PBXBuildFile; fileRef = 141977D219ED69B400EE84AA /* main.m */; };
		141977D619ED69B400EE84AA /* AppDelegate.m in Sources */ = {isa = PBXBuildFile; fileRef = 141977D519ED69B400EE84AA /* AppDelegate.m */; };
		141977D919ED69B400EE84AA /* ViewController.m in Sources */ = {isa = PBXBuildFile; fileRef = 141977D819ED69B400EE84AA /* ViewController.m */; };
		141977DC19ED69B400EE84AA /* Main.storyboard in Resources */ = {isa = PBXBuildFile; fileRef = 141977DA19ED69B400EE84AA /* Main.storyboard */; };
		141977DE19ED69B400EE84AA /* Images.xcassets in Resources */ = {isa = PBXBuildFile; fileRef = 141977DD19ED69B400EE84AA /* Images.xcassets */; };
		141977E119ED69B400EE84AA /* LaunchScreen.xib in Resources */ = {isa = PBXBuildFile; fileRef = 141977DF19ED69B400EE84AA /* LaunchScreen.xib */; };
		141977ED19ED69B400EE84AA /* iBeagleTests.m in Sources */ = {isa = PBXBuildFile; fileRef = 141977EC19ED69B400EE84AA /* iBeagleTests.m */; };
/* End PBXBuildFile section */

/* Begin PBXContainerItemProxy section */
		141977E719ED69B400EE84AA /* PBXContainerItemProxy */ = {
			isa = PBXContainerItemProxy;
			containerPortal = 141977C519ED69B400EE84AA /* Project object */;
			proxyType = 1;
			remoteGlobalIDString = 141977CC19ED69B400EE84AA;
			remoteInfo = iBeagle;
		};
/* End PBXContainerItemProxy section */

/* Begin PBXFileReference section */
		141977CD19ED69B400EE84AA /* iBeagle.app */ = {isa = PBXFileReference; explicitFileType = wrapper.application; includeInIndex = 0; path = iBeagle.app; sourceTree = BUILT_PRODUCTS_DIR; };
		141977D119ED69B400EE84AA /* Info.plist */ = {isa = PBXFileReference; lastKnownFileType = text.plist.xml; path = Info.plist; sourceTree = "<group>"; };
		141977D219ED69B400EE84AA /* main.m */ = {isa = PBXFileReference; lastKnownFileType = sourcecode.c.objc; path = main.m; sourceTree = "<group>"; };
		141977D419ED69B400EE84AA /* AppDelegate.h */ = {isa = PBXFileReference; lastKnownFileType = sourcecode.c.h; path = AppDelegate.h; sourceTree = "<group>"; };
		141977D519ED69B400EE84AA /* AppDelegate.m */ = {isa = PBXFileReference; lastKnownFileType = sourcecode.c.objc; path = AppDelegate.m; sourceTree = "<group>"; };
		141977D719ED69B400EE84AA /* ViewController.h */ = {isa = PBXFileReference; lastKnownFileType = sourcecode.c.h; path = ViewController.h; sourceTree = "<group>"; };
		141977D819ED69B400EE84AA /* ViewController.m */ = {isa = PBXFileReference; lastKnownFileType = sourcecode.c.objc; path = ViewController.m; sourceTree = "<group>"; };
		141977DB19ED69B400EE84AA /* Base */ = {isa = PBXFileReference; lastKnownFileType = file.storyboard; name = Base; path = Base.lproj/Main.storyboard; sourceTree = "<group>"; };
		141977DD19ED69B400EE84AA /* Images.xcassets */ = {isa = PBXFileReference; lastKnownFileType = folder.assetcatalog; path = Images.xcassets; sourceTree = "<group>"; };
		141977E019ED69B400EE84AA /* Base */ = {isa = PBXFileReference; lastKnownFileType = file.xib; name = Base; path = Base.lproj/LaunchScreen.xib; sourceTree = "<group>"; };
		141977E619ED69B400EE84AA /* iBeagleTests.xctest */ = {isa = PBXFileReference; explicitFileType = wrapper.cfbundle; includeInIndex = 0; path = iBeagleTests.xctest; sourceTree = BUILT_PRODUCTS_DIR; };
		141977EB19ED69B400EE84AA /* Info.plist */ = {isa = PBXFileReference; lastKnownFileType = text.plist.xml; path = Info.plist; sourceTree = "<group>"; };
		141977EC19ED69B400EE84AA /* iBeagleTests.m */ = {isa = PBXFileReference; lastKnownFileType = sourcecode.c.objc; path = iBeagleTests.m; sourceTree = "<group>"; };
/* End PBXFileReference section */

/* Begin PBXFrameworksBuildPhase section */
		141977CA19ED69B400EE84AA /* Frameworks */ = {
			isa = PBXFrameworksBuildPhase;
			buildActionMask = 2147483647;
			files = (
			);
			runOnlyForDeploymentPostprocessing = 0;
		};
		141977E319ED69B400EE84AA /* Frameworks */ = {
			isa = PBXFrameworksBuildPhase;
			buildActionMask = 2147483647;
			files = (
			);
			runOnlyForDeploymentPostprocessing = 0;
		};
/* End PBXFrameworksBuildPhase section */

/* Begin PBXGroup section */
		141977C419ED69B400EE84AA = {
			isa = PBXGroup;
			children = (
				141977CF19ED69B400EE84AA /* iBeagle */,
				141977E919ED69B400EE84AA /* iBeagleTests */,
				141977CE19ED69B400EE84AA /* Products */,
			);
			sourceTree = "<group>";
		};
		141977CE19ED69B400EE84AA /* Products */ = {
			isa = PBXGroup;
			children = (
				141977CD19ED69B400EE84AA /* iBeagle.app */,
				141977E619ED69B400EE84AA /* iBeagleTests.xctest */,
			);
			name = Products;
			sourceTree = "<group>";
		};
		141977CF19ED69B400EE84AA /* iBeagle */ = {
			isa = PBXGroup;
			children = (
				141977D419ED69B400EE84AA /* AppDelegate.h */,
				141977D519ED69B400EE84AA /* AppDelegate.m */,
				141977D719ED69B400EE84AA /* ViewController.h */,
				141977D819ED69B400EE84AA /* ViewController.m */,
				141977DA19ED69B400EE84AA /* Main.storyboard */,
				141977DD19ED69B400EE84AA /* Images.xcassets */,
				141977DF19ED69B400EE84AA /* LaunchScreen.xib */,
				141977D019ED69B400EE84AA /* Supporting Files */,
			);
			path = iBeagle;
			sourceTree = "<group>";
		};
		141977D019ED69B400EE84AA /* Supporting Files */ = {
			isa = PBXGroup;
			children = (
				141977D119ED69B400EE84AA /* Info.plist */,
				141977D219ED69B400EE84AA /* main.m */,
			);
			name = "Supporting Files";
			sourceTree = "<group>";
		};
		141977E919ED69B400EE84AA /* iBeagleTests */ = {
			isa = PBXGroup;
			children = (
				141977EC19ED69B400EE84AA /* iBeagleTests.m */,
				141977EA19ED69B400EE84AA /* Supporting Files */,
			);
			path = iBeagleTests;
			sourceTree = "<group>";
		};
		141977EA19ED69B400EE84AA /* Supporting Files */ = {
			isa = PBXGroup;
			children = (
				141977EB19ED69B400EE84AA /* Info.plist */,
			);
			name = "Supporting Files";
			sourceTree = "<group>";
		};
/* End PBXGroup section */

/* Begin PBXNativeTarget section */
		141977CC19ED69B400EE84AA /* iBeagle */ = {
			isa = PBXNativeTarget;
			buildConfigurationList = 141977F019ED69B400EE84AA /* Build configuration list for PBXNativeTarget "iBeagle" */;
			buildPhases = (
				141977C919ED69B400EE84AA /* Sources */,
				141977CA19ED69B400EE84AA /* Frameworks */,
				141977CB19ED69B400EE84AA /* Resources */,
			);
			buildRules = (
			);
			dependencies = (
			);
			name = iBeagle;
			productName = iBeagle;
			productReference = 141977CD19ED69B400EE84AA /* iBeagle.app */;
			productType = "com.apple.product-type.application";
		};
		141977E519ED69B400EE84AA /* iBeagleTests */ = {
			isa = PBXNativeTarget;
			buildConfigurationList = 141977F319ED69B400EE84AA /* Build configuration list for PBXNativeTarget "iBeagleTests" */;
			buildPhases = (
				141977E219ED69B400EE84AA /* Sources */,
				141977E319ED69B400EE84AA /* Frameworks */,
				141977E419ED69B400EE84AA /* Resources */,
			);
			buildRules = (
			);
			dependencies = (
				141977E819ED69B400EE84AA /* PBXTargetDependency */,
			);
			name = iBeagleTests;
			productName = iBeagleTests;
			productReference = 141977E619ED69B400EE84AA /* iBeagleTests.xctest */;
			productType = "com.apple.product-type.bundle.unit-test";
		};
/* End PBXNativeTarget section */

/* Begin PBXProject section */
		141977C519ED69B400EE84AA /* Project object */ = {
			isa = PBXProject;
			attributes = {
				LastUpgradeCheck = 0600;
				ORGANIZATIONNAME = "Sean McLemon";
				TargetAttributes = {
					141977CC19ED69B400EE84AA = {
						CreatedOnToolsVersion = 6.0.1;
					};
					141977E519ED69B400EE84AA = {
						CreatedOnToolsVersion = 6.0.1;
						TestTargetID = 141977CC19ED69B400EE84AA;
					};
				};
			};
			buildConfigurationList = 141977C819ED69B400EE84AA /* Build configuration list for PBXProject "iBeagle" */;
			compatibilityVersion = "Xcode 3.2";
			developmentRegion = English;
			hasScannedForEncodings = 0;
			knownRegions = (
				en,
				Base,
			);
			mainGroup = 141977C419ED69B400EE84AA;
			productRefGroup = 141977CE19ED69B400EE84AA /* Products */;
			projectDirPath = "";
			projectRoot = "";
			targets = (
				141977CC19ED69B400EE84AA /* iBeagle */,
				141977E519ED69B400EE84AA /* iBeagleTests */,
			);
		};
/* End PBXProject section */

/* Begin PBXResourcesBuildPhase section */
		141977CB19ED69B400EE84AA /* Resources */ = {
			isa = PBXResourcesBuildPhase;
			buildActionMask = 2147483647;
			files = (
				141977DC19ED69B400EE84AA /* Main.storyboard in Resources */,
				141977E119ED69B400EE84AA /* LaunchScreen.xib in Resources */,
				141977DE19ED69B400EE84AA /* Images.xcassets in Resources */,
			);
			runOnlyForDeploymentPostprocessing = 0;
		};
		141977E419ED69B400EE84AA /* Resources */ = {
			isa = PBXResourcesBuildPhase;
			buildActionMask = 2147483647;
			files = (
			);
			runOnlyForDeploymentPostprocessing = 0;
		};
/* End PBXResourcesBuildPhase section */

/* Begin PBXSourcesBuildPhase section */
		141977C919ED69B400EE84AA /* Sources */ = {
			isa = PBXSourcesBuildPhase;
			buildActionMask = 2147483647;
			files = (
				141977D919ED69B400EE84AA /* ViewController.m in Sources */,
				141977D619ED69B400EE84AA /* AppDelegate.m in Sources */,
				141977D319ED69B400EE84AA /* main.m in Sources */,
			);
			runOnlyForDeploymentPostprocessing = 0;
		};
		141977E219ED69B400EE84AA /* Sources */ = {
			isa = PBXSourcesBuildPhase;
			buildActionMask = 2147483647;
			files = (
				141977ED19ED69B400EE84AA /* iBeagleTests.m in Sources */,
			);
			runOnlyForDeploymentPostprocessing = 0;
		};
/* End PBXSourcesBuildPhase section */

/* Begin PBXTargetDependency section */
		141977E819ED69B400EE84AA /* PBXTargetDependency */ = {
			isa = PBXTargetDependency;
			target = 141977CC19ED69B400EE84AA /* iBeagle */;
			targetProxy = 141977E719ED69B400EE84AA /* PBXContainerItemProxy */;
		};
/* End PBXTargetDependency section */

/* Begin PBXVariantGroup section */
		141977DA19ED69B400EE84AA /* Main.storyboard */ = {
			isa = PBXVariantGroup;
			children = (
				141977DB19ED69B400EE84AA /* Base */,
			);
			name = Main.storyboard;
			sourceTree = "<group>";
		};
		141977DF19ED69B400EE84AA /* LaunchScreen.xib */ = {
			isa = PBXVariantGroup;
			children = (
				141977E019ED69B400EE84AA /* Base */,
			);
			name = LaunchScreen.xib;
			sourceTree = "<group>";
		};
/* End PBXVariantGroup section */

/* Begin XCBuildConfiguration section */
		141977EE19ED69B400EE84AA /* Debug */ = {
			isa = XCBuildConfiguration;
			buildSettings = {
				ALWAYS_SEARCH_USER_PATHS = NO;
				CLANG_CXX_LANGUAGE_STANDARD = "gnu++0x";
				CLANG_CXX_LIBRARY = "libc++";
				CLANG_ENABLE_MODULES = YES;
				CLANG_ENABLE_OBJC_ARC = YES;
				CLANG_WARN_BOOL_CONVERSION = YES;
				CLANG_WARN_CONSTANT_CONVERSION = YES;
				CLANG_WARN_DIRECT_OBJC_ISA_USAGE = YES_ERROR;
				CLANG_WARN_EMPTY_BODY = YES;
				CLANG_WARN_ENUM_CONVERSION = YES;
				CLANG_WARN_INT_CONVERSION = YES;
				CLANG_WARN_OBJC_ROOT_CLASS = YES_ERROR;
				CLANG_WARN_UNREACHABLE_CODE = YES;
				CLANG_WARN__DUPLICATE_METHOD_MATCH = YES;
				"CODE_SIGN_IDENTITY[sdk=iphoneos*]" = "iPhone Developer";
				COPY_PHASE_STRIP = NO;
				ENABLE_STRICT_OBJC_MSGSEND = YES;
				GCC_C_LANGUAGE_STANDARD = gnu99;
				GCC_DYNAMIC_NO_PIC = NO;
				GCC_OPTIMIZATION_LEVEL = 0;
				GCC_PREPROCESSOR_DEFINITIONS = (
					"DEBUG=1",
					"$(inherited)",
				);
				GCC_SYMBOLS_PRIVATE_EXTERN = NO;
				GCC_WARN_64_TO_32_BIT_CONVERSION = YES;
				GCC_WARN_ABOUT_RETURN_TYPE = YES_ERROR;
				GCC_WARN_UNDECLARED_SELECTOR = YES;
				GCC_WARN_UNINITIALIZED_AUTOS = YES_AGGRESSIVE;
				GCC_WARN_UNUSED_FUNCTION = YES;
				GCC_WARN_UNUSED_VARIABLE = YES;
				IPHONEOS_DEPLOYMENT_TARGET = 8.0;
				MTL_ENABLE_DEBUG_INFO = YES;
				ONLY_ACTIVE_ARCH = YES;
				SDKROOT = iphoneos;
				TARGETED_DEVICE_FAMILY = "1,2";
			};
			name = Debug;
		};
		141977EF19ED69B400EE84AA /* Release */ = {
			isa = XCBuildConfiguration;
			buildSettings = {
				ALWAYS_SEARCH_USER_PATHS = NO;
				CLANG_CXX_LANGUAGE_STANDARD = "gnu++0x";
				CLANG_CXX_LIBRARY = "libc++";
				CLANG_ENABLE_MODULES = YES;
				CLANG_ENABLE_OBJC_ARC = YES;
				CLANG_WARN_BOOL_CONVERSION = YES;
				CLANG_WARN_CONSTANT_CONVERSION = YES;
				CLANG_WARN_DIRECT_OBJC_ISA_USAGE = YES_ERROR;
				CLANG_WARN_EMPTY_BODY = YES;
				CLANG_WARN_ENUM_CONVERSION = YES;
				CLANG_WARN_INT_CONVERSION = YES;
				CLANG_WARN_OBJC_ROOT_CLASS = YES_ERROR;
				CLANG_WARN_UNREACHABLE_CODE = YES;
				CLANG_WARN__DUPLICATE_METHOD_MATCH = YES;
				"CODE_SIGN_IDENTITY[sdk=iphoneos*]" = "iPhone Developer";
				COPY_PHASE_STRIP = YES;
				ENABLE_NS_ASSERTIONS = NO;
				ENABLE_STRICT_OBJC_MSGSEND = YES;
				GCC_C_LANGUAGE_STANDARD = gnu99;
				GCC_WARN_64_TO_32_BIT_CONVERSION = YES;
				GCC_WARN_ABOUT_RETURN_TYPE = YES_ERROR;
				GCC_WARN_UNDECLARED_SELECTOR = YES;
				GCC_WARN_UNINITIALIZED_AUTOS = YES_AGGRESSIVE;
				GCC_WARN_UNUSED_FUNCTION = YES;
				GCC_WARN_UNUSED_VARIABLE = YES;
				IPHONEOS_DEPLOYMENT_TARGET = 8.0;
				MTL_ENABLE_DEBUG_INFO = NO;
				SDKROOT = iphoneos;
				TARGETED_DEVICE_FAMILY = "1,2";
				VALIDATE_PRODUCT = YES;
			};
			name = Release;
		};
		141977F119ED69B400EE84AA /* Debug */ = {
			isa = XCBuildConfiguration;
			buildSettings = {
				ASSETCATALOG_COMPILER_APPICON_NAME = AppIcon;
				INFOPLIST_FILE = iBeagle/Info.plist;
				LD_RUNPATH_SEARCH_PATHS = "$(inherited) @executable_path/Frameworks";
				PRODUCT_NAME = "$(TARGET_NAME)";
			};
			name = Debug;
		};
		141977F219ED69B400EE84AA /* Release */ = {
			isa = XCBuildConfiguration;
			buildSettings = {
				ASSETCATALOG_COMPILER_APPICON_NAME = AppIcon;
				INFOPLIST_FILE = iBeagle/Info.plist;
				LD_RUNPATH_SEARCH_PATHS = "$(inherited) @executable_path/Frameworks";
				PRODUCT_NAME = "$(TARGET_NAME)";
			};
			name = Release;
		};
		141977F419ED69B400EE84AA /* Debug */ = {
			isa = XCBuildConfiguration;
			buildSettings = {
				BUNDLE_LOADER = "$(TEST_HOST)";
				FRAMEWORK_SEARCH_PATHS = (
					"$(SDKROOT)/Developer/Library/Frameworks",
					"$(inherited)",
				);
				GCC_PREPROCESSOR_DEFINITIONS = (
					"DEBUG=1",
					"$(inherited)",
				);
				INFOPLIST_FILE = iBeagleTests/Info.plist;
				LD_RUNPATH_SEARCH_PATHS = "$(inherited) @executable_path/Frameworks @loader_path/Frameworks";
				PRODUCT_NAME = "$(TARGET_NAME)";
				TEST_HOST = "$(BUILT_PRODUCTS_DIR)/iBeagle.app/iBeagle";
			};
			name = Debug;
		};
		141977F519ED69B400EE84AA /* Release */ = {
			isa = XCBuildConfiguration;
			buildSettings = {
				BUNDLE_LOADER = "$(TEST_HOST)";
				FRAMEWORK_SEARCH_PATHS = (
					"$(SDKROOT)/Developer/Library/Frameworks",
					"$(inherited)",
				);
				INFOPLIST_FILE = iBeagleTests/Info.plist;
				LD_RUNPATH_SEARCH_PATHS = "$(inherited) @executable_path/Frameworks @loader_path/Frameworks";
				PRODUCT_NAME = "$(TARGET_NAME)";
				TEST_HOST = "$(BUILT_PRODUCTS_DIR)/iBeagle.app/iBeagle";
			};
			name = Release;
		};
/* End XCBuildConfiguration section */

/* Begin XCConfigurationList section */
		141977C819ED69B400EE84AA /* Build configuration list for PBXProject "iBeagle" */ = {
			isa = XCConfigurationList;
			buildConfigurations = (
				141977EE19ED69B400EE84AA /* Debug */,
				141977EF19ED69B400EE84AA /* Release */,
			);
			defaultConfigurationIsVisible = 0;
			defaultConfigurationName = Release;
		};
		141977F019ED69B400EE84AA /* Build configuration list for PBXNativeTarget "iBeagle" */ = {
			isa = XCConfigurationList;
			buildConfigurations = (
				141977F119ED69B400EE84AA /* Debug */,
				141977F219ED69B400EE84AA /* Release */,
			);
			defaultConfigurationIsVisible = 0;
		};
		141977F319ED69B400EE84AA /* Build configuration list for PBXNativeTarget "iBeagleTests" */ = {
			isa = XCConfigurationList;
			buildConfigurations = (
				141977F419ED69B400EE84AA /* Debug */,
				141977F519ED69B400EE84AA /* Release */,
			);
			defaultConfigurationIsVisible = 0;
		};
/* End XCConfigurationList section */
	};
	rootObject = 141977C519ED69B400EE84AA /* Project object */;
}
